PODS:
  - Crashlytics (3.9.3):
    - Fabric (~> 1.7.2)
  - Fabric (1.7.2)
  - Nimble (7.0.3)
  - Quick (1.2.0)
  - QuickTableViewController (0.8.0)

DEPENDENCIES:
  - Crashlytics
  - Fabric
  - Nimble (~> 7.0.3)
  - Quick (~> 1.2.0)
  - QuickTableViewController (~> 0.8)

SPEC REPOS:
  https://github.com/CocoaPods/Specs.git:
    - Crashlytics
    - Fabric
    - Nimble
    - Quick
    - QuickTableViewController

SPEC CHECKSUMS:
  Crashlytics: dbb07d01876c171c5ccbdf7826410380189e452c
  Fabric: 9cd6a848efcf1b8b07497e0b6a2e7d336353ba15
  Nimble: 7f5a9c447a33002645a071bddafbfb24ea70e0ac
  Quick: 58d203b1c5e27fff7229c4c1ae445ad7069a7a08
  QuickTableViewController: 13ab5baafb4e96544a86bdf3ecdd2f824bd888af

PODFILE CHECKSUM: 18c14acae742c35e451a5a1bfba26e84a32f2b3e

COCOAPODS: 1.9.3
